{
    "_readme": [
        "This file locks the dependencies of your project to a known state",
        "Read more about it at https://getcomposer.org/doc/01-basic-usage.md#installing-dependencies",
        "This file is @generated automatically"
    ],
    "content-hash": "6644e9b5e6898b2cf132ef373a393c8c",
    "packages": [],
    "packages-dev": [
        {
            "name": "nativephp/php-bin",
            "version": "0.5.6",
            "source": {
                "type": "git",
                "url": "https://github.com/NativePHP/php-bin.git",
                "reference": "55833dffe2836b086ac4e881e743713309a08bb1"
            },
            "dist": {
                "type": "zip",
                "url": "https://api.github.com/repos/NativePHP/php-bin/zipball/55833dffe2836b086ac4e881e743713309a08bb1",
                "reference": "55833dffe2836b086ac4e881e743713309a08bb1",
                "shasum": ""
            },
            "type": "library",
            "notification-url": "https://packagist.org/downloads/",
            "license": [
                "Apache-2.0",
                "GPL-3.0-or-later",
                "MIT",
                "PHP-3.01"
            ],
            "authors": [
                {
                    "name": "Marcel Pociot",
                    "email": "marcel@beyondco.de",
                    "role": "Developer"
                },
                {
                    "name": "Simon Hamp",
                    "email": "simon.hamp@me.com",
                    "role": "Developer"
                }
            ],
            "description": "PHP binaries used by the NativePHP framework",
            "homepage": "https://nativephp.com",
            "keywords": [
                "nativephp",
                "php"
            ],
            "support": {
                "source": "https://github.com/NativePHP/php-bin/tree/0.5.6"
            },
            "funding": [
                {
                    "url": "https://github.com/sponsors/simonhamp",
                    "type": "github"
                },
                {
                    "url": "https://opencollective.com/nativephp",
                    "type": "opencollective"
                }
            ],
            "time": "2024-12-29T18:36:39+00:00"
        }
    ],
    "aliases": [],
    "minimum-stability": "stable",
    "stability-flags": {},
    "prefer-stable": false,
    "prefer-lowest": false,
    "platform": {},
    "platform-dev": {},
    "plugin-api-version": "2.6.0"
}
